
Microsoft Visual Studio Solution File, Format Version 12.00
# Visual Studio Version 17
VisualStudioVersion = 17.9.34714.143
MinimumVisualStudioVersion = 10.0.40219.1
Project("{FAE04EC0-301F-11D3-BF4B-00C04F79EFBC}") = "StarterCRM.Module", "StarterCRM.Module\StarterCRM.Module.csproj", "{86499637-B1ED-429E-B8EA-4B41BFC96934}"
EndProject
Project("{FAE04EC0-301F-11D3-BF4B-00C04F79EFBC}") = "StarterCRM.Module.Web", "StarterCRM.Module.Web\StarterCRM.Module.Web.csproj", "{D0009499-6E44-47FA-B7C1-22C79DF554C7}"
EndProject
Project("{FAE04EC0-301F-11D3-BF4B-00C04F79EFBC}") = "StarterCRM.Web", "StarterCRM.Web\StarterCRM.Web.csproj", "{B9F90684-75B5-4A43-BFCC-13395B30B571}"
EndProject
Project("{FAE04EC0-301F-11D3-BF4B-00C04F79EFBC}") = "StarterCRM.Module.Win", "StarterCRM.Module.Win\StarterCRM.Module.Win.csproj", "{89072F1E-AB9D-401E-B737-A91FC418255C}"
EndProject
Project("{FAE04EC0-301F-11D3-BF4B-00C04F79EFBC}") = "StarterCRM.Win", "StarterCRM.Win\StarterCRM.Win.csproj", "{91820574-D338-4A6B-9581-168390F3B6D8}"
EndProject
Global
	GlobalSection(SolutionConfigurationPlatforms) = preSolution
		Debug|Any CPU = Debug|Any CPU
		EasyTest|Any CPU = EasyTest|Any CPU
		Release|Any CPU = Release|Any CPU
	EndGlobalSection
	GlobalSection(ProjectConfigurationPlatforms) = postSolution
		{86499637-B1ED-429E-B8EA-4B41BFC96934}.Debug|Any CPU.ActiveCfg = Debug|Any CPU
		{86499637-B1ED-429E-B8EA-4B41BFC96934}.Debug|Any CPU.Build.0 = Debug|Any CPU
		{86499637-B1ED-429E-B8EA-4B41BFC96934}.EasyTest|Any CPU.ActiveCfg = EasyTest|Any CPU
		{86499637-B1ED-429E-B8EA-4B41BFC96934}.EasyTest|Any CPU.Build.0 = EasyTest|Any CPU
		{86499637-B1ED-429E-B8EA-4B41BFC96934}.Release|Any CPU.ActiveCfg = Release|Any CPU
		{86499637-B1ED-429E-B8EA-4B41BFC96934}.Release|Any CPU.Build.0 = Release|Any CPU
		{D0009499-6E44-47FA-B7C1-22C79DF554C7}.Debug|Any CPU.ActiveCfg = Debug|Any CPU
		{D0009499-6E44-47FA-B7C1-22C79DF554C7}.Debug|Any CPU.Build.0 = Debug|Any CPU
		{D0009499-6E44-47FA-B7C1-22C79DF554C7}.EasyTest|Any CPU.ActiveCfg = EasyTest|Any CPU
		{D0009499-6E44-47FA-B7C1-22C79DF554C7}.EasyTest|Any CPU.Build.0 = EasyTest|Any CPU
		{D0009499-6E44-47FA-B7C1-22C79DF554C7}.Release|Any CPU.ActiveCfg = Release|Any CPU
		{D0009499-6E44-47FA-B7C1-22C79DF554C7}.Release|Any CPU.Build.0 = Release|Any CPU
		{B9F90684-75B5-4A43-BFCC-13395B30B571}.Debug|Any CPU.ActiveCfg = Debug|Any CPU
		{B9F90684-75B5-4A43-BFCC-13395B30B571}.Debug|Any CPU.Build.0 = Debug|Any CPU
		{B9F90684-75B5-4A43-BFCC-13395B30B571}.EasyTest|Any CPU.ActiveCfg = EasyTest|Any CPU
		{B9F90684-75B5-4A43-BFCC-13395B30B571}.EasyTest|Any CPU.Build.0 = EasyTest|Any CPU
		{B9F90684-75B5-4A43-BFCC-13395B30B571}.Release|Any CPU.ActiveCfg = Release|Any CPU
		{B9F90684-75B5-4A43-BFCC-13395B30B571}.Release|Any CPU.Build.0 = Release|Any CPU
		{89072F1E-AB9D-401E-B737-A91FC418255C}.Debug|Any CPU.ActiveCfg = Debug|Any CPU
		{89072F1E-AB9D-401E-B737-A91FC418255C}.Debug|Any CPU.Build.0 = Debug|Any CPU
		{89072F1E-AB9D-401E-B737-A91FC418255C}.EasyTest|Any CPU.ActiveCfg = EasyTest|Any CPU
		{89072F1E-AB9D-401E-B737-A91FC418255C}.EasyTest|Any CPU.Build.0 = EasyTest|Any CPU
		{89072F1E-AB9D-401E-B737-A91FC418255C}.Release|Any CPU.ActiveCfg = Release|Any CPU
		{89072F1E-AB9D-401E-B737-A91FC418255C}.Release|Any CPU.Build.0 = Release|Any CPU
		{91820574-D338-4A6B-9581-168390F3B6D8}.Debug|Any CPU.ActiveCfg = Debug|Any CPU
		{91820574-D338-4A6B-9581-168390F3B6D8}.Debug|Any CPU.Build.0 = Debug|Any CPU
		{91820574-D338-4A6B-9581-168390F3B6D8}.EasyTest|Any CPU.ActiveCfg = EasyTest|Any CPU
		{91820574-D338-4A6B-9581-168390F3B6D8}.EasyTest|Any CPU.Build.0 = EasyTest|Any CPU
		{91820574-D338-4A6B-9581-168390F3B6D8}.Release|Any CPU.ActiveCfg = Release|Any CPU
		{91820574-D338-4A6B-9581-168390F3B6D8}.Release|Any CPU.Build.0 = Release|Any CPU
	EndGlobalSection
	GlobalSection(SolutionProperties) = preSolution
		HideSolutionNode = FALSE
	EndGlobalSection
	GlobalSection(ExtensibilityGlobals) = postSolution
		SolutionGuid = {BC5ED0FA-E803-4207-AA8C-41BFDB07868D}
	EndGlobalSection
EndGlobal
